// !$*UTF8*$!
{
	archiveVersion = 1;
	classes = {
	};
	objectVersion = 56;
	objects = {

/* Begin PBXBuildFile section */
		46525EF22B76971F00610811 /* Combine_views_using_stacksApp.swift in Sources */ = {isa = PBXBuildFile; fileRef = 46525EF12B76971F00610811 /* Combine_views_using_stacksApp.swift */; };
		46525EF42B76971F00610811 /* ContentView.swift in Sources */ = {isa = PBXBuildFile; fileRef = 46525EF32B76971F00610811 /* ContentView.swift */; };
		46525EF62B76971F00610811 /* Item.swift in Sources */ = {isa = PBXBuildFile; fileRef = 46525EF52B76971F00610811 /* Item.swift */; };
		46525EF82B76972200610811 /* Assets.xcassets in Resources */ = {isa = PBXBuildFile; fileRef = 46525EF72B76972200610811 /* Assets.xcassets */; };
		46525EFB2B76972200610811 /* Preview Assets.xcassets in Resources */ = {isa = PBXBuildFile; fileRef = 46525EFA2B76972200610811 /* Preview Assets.xcassets */; };
		46525F052B76972300610811 /* Combine_views_using_stacksTests.swift in Sources */ = {isa = PBXBuildFile; fileRef = 46525F042B76972300610811 /* Combine_views_using_stacksTests.swift */; };
		46525F0F2B76972300610811 /* Combine_views_using_stacksUITests.swift in Sources */ = {isa = PBXBuildFile; fileRef = 46525F0E2B76972300610811 /* Combine_views_using_stacksUITests.swift */; };
		46525F112B76972300610811 /* Combine_views_using_stacksUITestsLaunchTests.swift in Sources */ = {isa = PBXBuildFile; fileRef = 46525F102B76972300610811 /* Combine_views_using_stacksUITestsLaunchTests.swift */; };
/* End PBXBuildFile section */

/* Begin PBXContainerItemProxy section */
		46525F012B76972300610811 /* PBXContainerItemProxy */ = {
			isa = PBXContainerItemProxy;
			containerPortal = 46525EE62B76971F00610811 /* Project object */;
			proxyType = 1;
			remoteGlobalIDString = 46525EED2B76971F00610811;
			remoteInfo = "Combine views using stacks";
		};
		46525F0B2B76972300610811 /* PBXContainerItemProxy */ = {
			isa = PBXContainerItemProxy;
			containerPortal = 46525EE62B76971F00610811 /* Project object */;
			proxyType = 1;
			remoteGlobalIDString = 46525EED2B76971F00610811;
			remoteInfo = "Combine views using stacks";
		};
/* End PBXContainerItemProxy section */

/* Begin PBXFileReference section */
		46525EEE2B76971F00610811 /* Combine views using stacks.app */ = {isa = PBXFileReference; explicitFileType = wrapper.application; includeInIndex = 0; path = "Combine views using stacks.app"; sourceTree = BUILT_PRODUCTS_DIR; };
		46525EF12B76971F00610811 /* Combine_views_using_stacksApp.swift */ = {isa = PBXFileReference; lastKnownFileType = sourcecode.swift; path = Combine_views_using_stacksApp.swift; sourceTree = "<group>"; };
		46525EF32B76971F00610811 /* ContentView.swift */ = {isa = PBXFileReference; lastKnownFileType = sourcecode.swift; path = ContentView.swift; sourceTree = "<group>"; };
		46525EF52B76971F00610811 /* Item.swift */ = {isa = PBXFileReference; lastKnownFileType = sourcecode.swift; path = Item.swift; sourceTree = "<group>"; };
		46525EF72B76972200610811 /* Assets.xcassets */ = {isa = PBXFileReference; lastKnownFileType = folder.assetcatalog; path = Assets.xcassets; sourceTree = "<group>"; };
		46525EFA2B76972200610811 /* Preview Assets.xcassets */ = {isa = PBXFileReference; lastKnownFileType = folder.assetcatalog; path = "Preview Assets.xcassets"; sourceTree = "<group>"; };
		46525F002B76972300610811 /* Combine views using stacksTests.xctest */ = {isa = PBXFileReference; explicitFileType = wrapper.cfbundle; includeInIndex = 0; path = "Combine views using stacksTests.xctest"; sourceTree = BUILT_PRODUCTS_DIR; };
		46525F042B76972300610811 /* Combine_views_using_stacksTests.swift */ = {isa = PBXFileReference; lastKnownFileType = sourcecode.swift; path = Combine_views_using_stacksTests.swift; sourceTree = "<group>"; };
		46525F0A2B76972300610811 /* Combine views using stacksUITests.xctest */ = {isa = PBXFileReference; explicitFileType = wrapper.cfbundle; includeInIndex = 0; path = "Combine views using stacksUITests.xctest"; sourceTree = BUILT_PRODUCTS_DIR; };
		46525F0E2B76972300610811 /* Combine_views_using_stacksUITests.swift */ = {isa = PBXFileReference; lastKnownFileType = sourcecode.swift; path = Combine_views_using_stacksUITests.swift; sourceTree = "<group>"; };
		46525F102B76972300610811 /* Combine_views_using_stacksUITestsLaunchTests.swift */ = {isa = PBXFileReference; lastKnownFileType = sourcecode.swift; path = Combine_views_using_stacksUITestsLaunchTests.swift; sourceTree = "<group>"; };
/* End PBXFileReference section */

/* Begin PBXFrameworksBuildPhase section */
		46525EEB2B76971F00610811 /* Frameworks */ = {
			isa = PBXFrameworksBuildPhase;
			buildActionMask = 2147483647;
			files = (
			);
			runOnlyForDeploymentPostprocessing = 0;
		};
		46525EFD2B76972300610811 /* Frameworks */ = {
			isa = PBXFrameworksBuildPhase;
			buildActionMask = 2147483647;
			files = (
			);
			runOnlyForDeploymentPostprocessing = 0;
		};
		46525F072B76972300610811 /* Frameworks */ = {
			isa = PBXFrameworksBuildPhase;
			buildActionMask = 2147483647;
			files = (
			);
			runOnlyForDeploymentPostprocessing = 0;
		};
/* End PBXFrameworksBuildPhase section */

/* Begin PBXGroup section */
		46525EE52B76971F00610811 = {
			isa = PBXGroup;
			children = (
				46525EF02B76971F00610811 /* Combine views using stacks */,
				46525F032B76972300610811 /* Combine views using stacksTests */,
				46525F0D2B76972300610811 /* Combine views using stacksUITests */,
				46525EEF2B76971F00610811 /* Products */,
			);
			sourceTree = "<group>";
		};
		46525EEF2B76971F00610811 /* Products */ = {
			isa = PBXGroup;
			children = (
				46525EEE2B76971F00610811 /* Combine views using stacks.app */,
				46525F002B76972300610811 /* Combine views using stacksTests.xctest */,
				46525F0A2B76972300610811 /* Combine views using stacksUITests.xctest */,
			);
			name = Products;
			sourceTree = "<group>";
		};
		46525EF02B76971F00610811 /* Combine views using stacks */ = {
			isa = PBXGroup;
			children = (
				46525EF12B76971F00610811 /* Combine_views_using_stacksApp.swift */,
				46525EF32B76971F00610811 /* ContentView.swift */,
				46525EF52B76971F00610811 /* Item.swift */,
				46525EF72B76972200610811 /* Assets.xcassets */,
				46525EF92B76972200610811 /* Preview Content */,
			);
			path = "Combine views using stacks";
			sourceTree = "<group>";
		};
		46525EF92B76972200610811 /* Preview Content */ = {
			isa = PBXGroup;
			children = (
				46525EFA2B76972200610811 /* Preview Assets.xcassets */,
			);
			path = "Preview Content";
			sourceTree = "<group>";
		};
		46525F032B76972300610811 /* Combine views using stacksTests */ = {
			isa = PBXGroup;
			children = (
				46525F042B76972300610811 /* Combine_views_using_stacksTests.swift */,
			);
			path = "Combine views using stacksTests";
			sourceTree = "<group>";
		};
		46525F0D2B76972300610811 /* Combine views using stacksUITests */ = {
			isa = PBXGroup;
			children = (
				46525F0E2B76972300610811 /* Combine_views_using_stacksUITests.swift */,
				46525F102B76972300610811 /* Combine_views_using_stacksUITestsLaunchTests.swift */,
			);
			path = "Combine views using stacksUITests";
			sourceTree = "<group>";
		};
/* End PBXGroup section */

/* Begin PBXNativeTarget section */
		46525EED2B76971F00610811 /* Combine views using stacks */ = {
			isa = PBXNativeTarget;
			buildConfigurationList = 46525F142B76972300610811 /* Build configuration list for PBXNativeTarget "Combine views using stacks" */;
			buildPhases = (
				46525EEA2B76971F00610811 /* Sources */,
				46525EEB2B76971F00610811 /* Frameworks */,
				46525EEC2B76971F00610811 /* Resources */,
			);
			buildRules = (
			);
			dependencies = (
			);
			name = "Combine views using stacks";
			productName = "Combine views using stacks";
			productReference = 46525EEE2B76971F00610811 /* Combine views using stacks.app */;
			productType = "com.apple.product-type.application";
		};
		46525EFF2B76972300610811 /* Combine views using stacksTests */ = {
			isa = PBXNativeTarget;
			buildConfigurationList = 46525F172B76972300610811 /* Build configuration list for PBXNativeTarget "Combine views using stacksTests" */;
			buildPhases = (
				46525EFC2B76972300610811 /* Sources */,
				46525EFD2B76972300610811 /* Frameworks */,
				46525EFE2B76972300610811 /* Resources */,
			);
			buildRules = (
			);
			dependencies = (
				46525F022B76972300610811 /* PBXTargetDependency */,
			);
			name = "Combine views using stacksTests";
			productName = "Combine views using stacksTests";
			productReference = 46525F002B76972300610811 /* Combine views using stacksTests.xctest */;
			productType = "com.apple.product-type.bundle.unit-test";
		};
		46525F092B76972300610811 /* Combine views using stacksUITests */ = {
			isa = PBXNativeTarget;
			buildConfigurationList = 46525F1A2B76972300610811 /* Build configuration list for PBXNativeTarget "Combine views using stacksUITests" */;
			buildPhases = (
				46525F062B76972300610811 /* Sources */,
				46525F072B76972300610811 /* Frameworks */,
				46525F082B76972300610811 /* Resources */,
			);
			buildRules = (
			);
			dependencies = (
				46525F0C2B76972300610811 /* PBXTargetDependency */,
			);
			name = "Combine views using stacksUITests";
			productName = "Combine views using stacksUITests";
			productReference = 46525F0A2B76972300610811 /* Combine views using stacksUITests.xctest */;
			productType = "com.apple.product-type.bundle.ui-testing";
		};
/* End PBXNativeTarget section */

/* Begin PBXProject section */
		46525EE62B76971F00610811 /* Project object */ = {
			isa = PBXProject;
			attributes = {
				BuildIndependentTargetsInParallel = 1;
				LastSwiftUpdateCheck = 1520;
				LastUpgradeCheck = 1520;
				TargetAttributes = {
					46525EED2B76971F00610811 = {
						CreatedOnToolsVersion = 15.2;
					};
					46525EFF2B76972300610811 = {
						CreatedOnToolsVersion = 15.2;
						TestTargetID = 46525EED2B76971F00610811;
					};
					46525F092B76972300610811 = {
						CreatedOnToolsVersion = 15.2;
						TestTargetID = 46525EED2B76971F00610811;
					};
				};
			};
			buildConfigurationList = 46525EE92B76971F00610811 /* Build configuration list for PBXProject "Combine views using stacks" */;
			compatibilityVersion = "Xcode 14.0";
			developmentRegion = en;
			hasScannedForEncodings = 0;
			knownRegions = (
				en,
				Base,
			);
			mainGroup = 46525EE52B76971F00610811;
			productRefGroup = 46525EEF2B76971F00610811 /* Products */;
			projectDirPath = "";
			projectRoot = "";
			targets = (
				46525EED2B76971F00610811 /* Combine views using stacks */,
				46525EFF2B76972300610811 /* Combine views using stacksTests */,
				46525F092B76972300610811 /* Combine views using stacksUITests */,
			);
		};
/* End PBXProject section */

/* Begin PBXResourcesBuildPhase section */
		46525EEC2B76971F00610811 /* Resources */ = {
			isa = PBXResourcesBuildPhase;
			buildActionMask = 2147483647;
			files = (
				46525EFB2B76972200610811 /* Preview Assets.xcassets in Resources */,
				46525EF82B76972200610811 /* Assets.xcassets in Resources */,
			);
			runOnlyForDeploymentPostprocessing = 0;
		};
		46525EFE2B76972300610811 /* Resources */ = {
			isa = PBXResourcesBuildPhase;
			buildActionMask = 2147483647;
			files = (
			);
			runOnlyForDeploymentPostprocessing = 0;
		};
		46525F082B76972300610811 /* Resources */ = {
			isa = PBXResourcesBuildPhase;
			buildActionMask = 2147483647;
			files = (
			);
			runOnlyForDeploymentPostprocessing = 0;
		};
/* End PBXResourcesBuildPhase section */

/* Begin PBXSourcesBuildPhase section */
		46525EEA2B76971F00610811 /* Sources */ = {
			isa = PBXSourcesBuildPhase;
			buildActionMask = 2147483647;
			files = (
				46525EF42B76971F00610811 /* ContentView.swift in Sources */,
				46525EF62B76971F00610811 /* Item.swift in Sources */,
				46525EF22B76971F00610811 /* Combine_views_using_stacksApp.swift in Sources */,
			);
			runOnlyForDeploymentPostprocessing = 0;
		};
		46525EFC2B76972300610811 /* Sources */ = {
			isa = PBXSourcesBuildPhase;
			buildActionMask = 2147483647;
			files = (
				46525F052B76972300610811 /* Combine_views_using_stacksTests.swift in Sources */,
			);
			runOnlyForDeploymentPostprocessing = 0;
		};
		46525F062B76972300610811 /* Sources */ = {
			isa = PBXSourcesBuildPhase;
			buildActionMask = 2147483647;
			files = (
				46525F0F2B76972300610811 /* Combine_views_using_stacksUITests.swift in Sources */,
				46525F112B76972300610811 /* Combine_views_using_stacksUITestsLaunchTests.swift in Sources */,
			);
			runOnlyForDeploymentPostprocessing = 0;
		};
/* End PBXSourcesBuildPhase section */

/* Begin PBXTargetDependency section */
		46525F022B76972300610811 /* PBXTargetDependency */ = {
			isa = PBXTargetDependency;
			target = 46525EED2B76971F00610811 /* Combine views using stacks */;
			targetProxy = 46525F012B76972300610811 /* PBXContainerItemProxy */;
		};
		46525F0C2B76972300610811 /* PBXTargetDependency */ = {
			isa = PBXTargetDependency;
			target = 46525EED2B76971F00610811 /* Combine views using stacks */;
			targetProxy = 46525F0B2B76972300610811 /* PBXContainerItemProxy */;
		};
/* End PBXTargetDependency section */

/* Begin XCBuildConfiguration section */
		46525F122B76972300610811 /* Debug */ = {
			isa = XCBuildConfiguration;
			buildSettings = {
				ALWAYS_SEARCH_USER_PATHS = NO;
				ASSETCATALOG_COMPILER_GENERATE_SWIFT_ASSET_SYMBOL_EXTENSIONS = YES;
				CLANG_ANALYZER_NONNULL = YES;
				CLANG_ANALYZER_NUMBER_OBJECT_CONVERSION = YES_AGGRESSIVE;
				CLANG_CXX_LANGUAGE_STANDARD = "gnu++20";
				CLANG_ENABLE_MODULES = YES;
				CLANG_ENABLE_OBJC_ARC = YES;
				CLANG_ENABLE_OBJC_WEAK = YES;
				CLANG_WARN_BLOCK_CAPTURE_AUTORELEASING = YES;
				CLANG_WARN_BOOL_CONVERSION = YES;
				CLANG_WARN_COMMA = YES;
				CLANG_WARN_CONSTANT_CONVERSION = YES;
				CLANG_WARN_DEPRECATED_OBJC_IMPLEMENTATIONS = YES;
				CLANG_WARN_DIRECT_OBJC_ISA_USAGE = YES_ERROR;
				CLANG_WARN_DOCUMENTATION_COMMENTS = YES;
				CLANG_WARN_EMPTY_BODY = YES;
				CLANG_WARN_ENUM_CONVERSION = YES;
				CLANG_WARN_INFINITE_RECURSION = YES;
				CLANG_WARN_INT_CONVERSION = YES;
				CLANG_WARN_NON_LITERAL_NULL_CONVERSION = YES;
				CLANG_WARN_OBJC_IMPLICIT_RETAIN_SELF = YES;
				CLANG_WARN_OBJC_LITERAL_CONVERSION = YES;
				CLANG_WARN_OBJC_ROOT_CLASS = YES_ERROR;
				CLANG_WARN_QUOTED_INCLUDE_IN_FRAMEWORK_HEADER = YES;
				CLANG_WARN_RANGE_LOOP_ANALYSIS = YES;
				CLANG_WARN_STRICT_PROTOTYPES = YES;
				CLANG_WARN_SUSPICIOUS_MOVE = YES;
				CLANG_WARN_UNGUARDED_AVAILABILITY = YES_AGGRESSIVE;
				CLANG_WARN_UNREACHABLE_CODE = YES;
				CLANG_WARN__DUPLICATE_METHOD_MATCH = YES;
				COPY_PHASE_STRIP = NO;
				DEBUG_INFORMATION_FORMAT = dwarf;
				ENABLE_STRICT_OBJC_MSGSEND = YES;
				ENABLE_TESTABILITY = YES;
				ENABLE_USER_SCRIPT_SANDBOXING = YES;
				GCC_C_LANGUAGE_STANDARD = gnu17;
				GCC_DYNAMIC_NO_PIC = NO;
				GCC_NO_COMMON_BLOCKS = YES;
				GCC_OPTIMIZATION_LEVEL = 0;
				GCC_PREPROCESSOR_DEFINITIONS = (
					"DEBUG=1",
					"$(inherited)",
				);
				GCC_WARN_64_TO_32_BIT_CONVERSION = YES;
				GCC_WARN_ABOUT_RETURN_TYPE = YES_ERROR;
				GCC_WARN_UNDECLARED_SELECTOR = YES;
				GCC_WARN_UNINITIALIZED_AUTOS = YES_AGGRESSIVE;
				GCC_WARN_UNUSED_FUNCTION = YES;
				GCC_WARN_UNUSED_VARIABLE = YES;
				IPHONEOS_DEPLOYMENT_TARGET = 17.2;
				LOCALIZATION_PREFERS_STRING_CATALOGS = YES;
				MTL_ENABLE_DEBUG_INFO = INCLUDE_SOURCE;
				MTL_FAST_MATH = YES;
				ONLY_ACTIVE_ARCH = YES;
				SDKROOT = iphoneos;
				SWIFT_ACTIVE_COMPILATION_CONDITIONS = "DEBUG $(inherited)";
				SWIFT_OPTIMIZATION_LEVEL = "-Onone";
			};
			name = Debug;
		};
		46525F132B76972300610811 /* Release */ = {
			isa = XCBuildConfiguration;
			buildSettings = {
				ALWAYS_SEARCH_USER_PATHS = NO;
				ASSETCATALOG_COMPILER_GENERATE_SWIFT_ASSET_SYMBOL_EXTENSIONS = YES;
				CLANG_ANALYZER_NONNULL = YES;
				CLANG_ANALYZER_NUMBER_OBJECT_CONVERSION = YES_AGGRESSIVE;
				CLANG_CXX_LANGUAGE_STANDARD = "gnu++20";
				CLANG_ENABLE_MODULES = YES;
				CLANG_ENABLE_OBJC_ARC = YES;
				CLANG_ENABLE_OBJC_WEAK = YES;
				CLANG_WARN_BLOCK_CAPTURE_AUTORELEASING = YES;
				CLANG_WARN_BOOL_CONVERSION = YES;
				CLANG_WARN_COMMA = YES;
				CLANG_WARN_CONSTANT_CONVERSION = YES;
				CLANG_WARN_DEPRECATED_OBJC_IMPLEMENTATIONS = YES;
				CLANG_WARN_DIRECT_OBJC_ISA_USAGE = YES_ERROR;
				CLANG_WARN_DOCUMENTATION_COMMENTS = YES;
				CLANG_WARN_EMPTY_BODY = YES;
				CLANG_WARN_ENUM_CONVERSION = YES;
				CLANG_WARN_INFINITE_RECURSION = YES;
				CLANG_WARN_INT_CONVERSION = YES;
				CLANG_WARN_NON_LITERAL_NULL_CONVERSION = YES;
				CLANG_WARN_OBJC_IMPLICIT_RETAIN_SELF = YES;
				CLANG_WARN_OBJC_LITERAL_CONVERSION = YES;
				CLANG_WARN_OBJC_ROOT_CLASS = YES_ERROR;
				CLANG_WARN_QUOTED_INCLUDE_IN_FRAMEWORK_HEADER = YES;
				CLANG_WARN_RANGE_LOOP_ANALYSIS = YES;
				CLANG_WARN_STRICT_PROTOTYPES = YES;
				CLANG_WARN_SUSPICIOUS_MOVE = YES;
				CLANG_WARN_UNGUARDED_AVAILABILITY = YES_AGGRESSIVE;
				CLANG_WARN_UNREACHABLE_CODE = YES;
				CLANG_WARN__DUPLICATE_METHOD_MATCH = YES;
				COPY_PHASE_STRIP = NO;
				DEBUG_INFORMATION_FORMAT = "dwarf-with-dsym";
				ENABLE_NS_ASSERTIONS = NO;
				ENABLE_STRICT_OBJC_MSGSEND = YES;
				ENABLE_USER_SCRIPT_SANDBOXING = YES;
				GCC_C_LANGUAGE_STANDARD = gnu17;
				GCC_NO_COMMON_BLOCKS = YES;
				GCC_WARN_64_TO_32_BIT_CONVERSION = YES;
				GCC_WARN_ABOUT_RETURN_TYPE = YES_ERROR;
				GCC_WARN_UNDECLARED_SELECTOR = YES;
				GCC_WARN_UNINITIALIZED_AUTOS = YES_AGGRESSIVE;
				GCC_WARN_UNUSED_FUNCTION = YES;
				GCC_WARN_UNUSED_VARIABLE = YES;
				IPHONEOS_DEPLOYMENT_TARGET = 17.2;
				LOCALIZATION_PREFERS_STRING_CATALOGS = YES;
				MTL_ENABLE_DEBUG_INFO = NO;
				MTL_FAST_MATH = YES;
				SDKROOT = iphoneos;
				SWIFT_COMPILATION_MODE = wholemodule;
				VALIDATE_PRODUCT = YES;
			};
			name = Release;
		};
		46525F152B76972300610811 /* Debug */ = {
			isa = XCBuildConfiguration;
			buildSettings = {
				ASSETCATALOG_COMPILER_APPICON_NAME = AppIcon;
				ASSETCATALOG_COMPILER_GLOBAL_ACCENT_COLOR_NAME = AccentColor;
				CODE_SIGN_STYLE = Automatic;
				CURRENT_PROJECT_VERSION = 1;
				DEVELOPMENT_ASSET_PATHS = "\"Combine views using stacks/Preview Content\"";
				DEVELOPMENT_TEAM = 46FW877GUS;
				ENABLE_PREVIEWS = YES;
				GENERATE_INFOPLIST_FILE = YES;
				INFOPLIST_KEY_UIApplicationSceneManifest_Generation = YES;
				INFOPLIST_KEY_UIApplicationSupportsIndirectInputEvents = YES;
				INFOPLIST_KEY_UILaunchScreen_Generation = YES;
				INFOPLIST_KEY_UISupportedInterfaceOrientations_iPad = "UIInterfaceOrientationPortrait UIInterfaceOrientationPortraitUpsideDown UIInterfaceOrientationLandscapeLeft UIInterfaceOrientationLandscapeRight";
				INFOPLIST_KEY_UISupportedInterfaceOrientations_iPhone = "UIInterfaceOrientationPortrait UIInterfaceOrientationLandscapeLeft UIInterfaceOrientationLandscapeRight";
				LD_RUNPATH_SEARCH_PATHS = (
					"$(inherited)",
					"@executable_path/Frameworks",
				);
				MARKETING_VERSION = 1.0;
				PRODUCT_BUNDLE_IDENTIFIER = "cinar.Combine-views-using-stacks";
				PRODUCT_NAME = "$(TARGET_NAME)";
				SWIFT_EMIT_LOC_STRINGS = YES;
				SWIFT_VERSION = 5.0;
				TARGETED_DEVICE_FAMILY = "1,2";
			};
			name = Debug;
		};
		46525F162B76972300610811 /* Release */ = {
			isa = XCBuildConfiguration;
			buildSettings = {
				ASSETCATALOG_COMPILER_APPICON_NAME = AppIcon;
				ASSETCATALOG_COMPILER_GLOBAL_ACCENT_COLOR_NAME = AccentColor;
				CODE_SIGN_STYLE = Automatic;
				CURRENT_PROJECT_VERSION = 1;
				DEVELOPMENT_ASSET_PATHS = "\"Combine views using stacks/Preview Content\"";
				DEVELOPMENT_TEAM = 46FW877GUS;
				ENABLE_PREVIEWS = YES;
				GENERATE_INFOPLIST_FILE = YES;
				INFOPLIST_KEY_UIApplicationSceneManifest_Generation = YES;
				INFOPLIST_KEY_UIApplicationSupportsIndirectInputEvents = YES;
				INFOPLIST_KEY_UILaunchScreen_Generation = YES;
				INFOPLIST_KEY_UISupportedInterfaceOrientations_iPad = "UIInterfaceOrientationPortrait UIInterfaceOrientationPortraitUpsideDown UIInterfaceOrientationLandscapeLeft UIInterfaceOrientationLandscapeRight";
				INFOPLIST_KEY_UISupportedInterfaceOrientations_iPhone = "UIInterfaceOrientationPortrait UIInterfaceOrientationLandscapeLeft UIInterfaceOrientationLandscapeRight";
				LD_RUNPATH_SEARCH_PATHS = (
					"$(inherited)",
					"@executable_path/Frameworks",
				);
				MARKETING_VERSION = 1.0;
				PRODUCT_BUNDLE_IDENTIFIER = "cinar.Combine-views-using-stacks";
				PRODUCT_NAME = "$(TARGET_NAME)";
				SWIFT_EMIT_LOC_STRINGS = YES;
				SWIFT_VERSION = 5.0;
				TARGETED_DEVICE_FAMILY = "1,2";
			};
			name = Release;
		};
		46525F182B76972300610811 /* Debug */ = {
			isa = XCBuildConfiguration;
			buildSettings = {
				ALWAYS_EMBED_SWIFT_STANDARD_LIBRARIES = YES;
				BUNDLE_LOADER = "$(TEST_HOST)";
				CODE_SIGN_STYLE = Automatic;
				CURRENT_PROJECT_VERSION = 1;
				DEVELOPMENT_TEAM = 46FW877GUS;
				GENERATE_INFOPLIST_FILE = YES;
				IPHONEOS_DEPLOYMENT_TARGET = 17.2;
				MARKETING_VERSION = 1.0;
				PRODUCT_BUNDLE_IDENTIFIER = "cinar.Combine-views-using-stacksTests";
				PRODUCT_NAME = "$(TARGET_NAME)";
				SWIFT_EMIT_LOC_STRINGS = NO;
				SWIFT_VERSION = 5.0;
				TARGETED_DEVICE_FAMILY = "1,2";
				TEST_HOST = "$(BUILT_PRODUCTS_DIR)/Combine views using stacks.app/$(BUNDLE_EXECUTABLE_FOLDER_PATH)/Combine views using stacks";
			};
			name = Debug;
		};
		46525F192B76972300610811 /* Release */ = {
			isa = XCBuildConfiguration;
			buildSettings = {
				ALWAYS_EMBED_SWIFT_STANDARD_LIBRARIES = YES;
				BUNDLE_LOADER = "$(TEST_HOST)";
				CODE_SIGN_STYLE = Automatic;
				CURRENT_PROJECT_VERSION = 1;
				DEVELOPMENT_TEAM = 46FW877GUS;
				GENERATE_INFOPLIST_FILE = YES;
				IPHONEOS_DEPLOYMENT_TARGET = 17.2;
				MARKETING_VERSION = 1.0;
				PRODUCT_BUNDLE_IDENTIFIER = "cinar.Combine-views-using-stacksTests";
				PRODUCT_NAME = "$(TARGET_NAME)";
				SWIFT_EMIT_LOC_STRINGS = NO;
				SWIFT_VERSION = 5.0;
				TARGETED_DEVICE_FAMILY = "1,2";
				TEST_HOST = "$(BUILT_PRODUCTS_DIR)/Combine views using stacks.app/$(BUNDLE_EXECUTABLE_FOLDER_PATH)/Combine views using stacks";
			};
			name = Release;
		};
		46525F1B2B76972300610811 /* Debug */ = {
			isa = XCBuildConfiguration;
			buildSettings = {
				ALWAYS_EMBED_SWIFT_STANDARD_LIBRARIES = YES;
				CODE_SIGN_STYLE = Automatic;
				CURRENT_PROJECT_VERSION = 1;
				DEVELOPMENT_TEAM = 46FW877GUS;
				GENERATE_INFOPLIST_FILE = YES;
				MARKETING_VERSION = 1.0;
				PRODUCT_BUNDLE_IDENTIFIER = "cinar.Combine-views-using-stacksUITests";
				PRODUCT_NAME = "$(TARGET_NAME)";
				SWIFT_EMIT_LOC_STRINGS = NO;
				SWIFT_VERSION = 5.0;
				TARGETED_DEVICE_FAMILY = "1,2";
				TEST_TARGET_NAME = "Combine views using stacks";
			};
			name = Debug;
		};
		46525F1C2B76972300610811 /* Release */ = {
			isa = XCBuildConfiguration;
			buildSettings = {
				ALWAYS_EMBED_SWIFT_STANDARD_LIBRARIES = YES;
				CODE_SIGN_STYLE = Automatic;
				CURRENT_PROJECT_VERSION = 1;
				DEVELOPMENT_TEAM = 46FW877GUS;
				GENERATE_INFOPLIST_FILE = YES;
				MARKETING_VERSION = 1.0;
				PRODUCT_BUNDLE_IDENTIFIER = "cinar.Combine-views-using-stacksUITests";
				PRODUCT_NAME = "$(TARGET_NAME)";
				SWIFT_EMIT_LOC_STRINGS = NO;
				SWIFT_VERSION = 5.0;
				TARGETED_DEVICE_FAMILY = "1,2";
				TEST_TARGET_NAME = "Combine views using stacks";
			};
			name = Release;
		};
/* End XCBuildConfiguration section */

/* Begin XCConfigurationList section */
		46525EE92B76971F00610811 /* Build configuration list for PBXProject "Combine views using stacks" */ = {
			isa = XCConfigurationList;
			buildConfigurations = (
				46525F122B76972300610811 /* Debug */,
				46525F132B76972300610811 /* Release */,
			);
			defaultConfigurationIsVisible = 0;
			defaultConfigurationName = Release;
		};
		46525F142B76972300610811 /* Build configuration list for PBXNativeTarget "Combine views using stacks" */ = {
			isa = XCConfigurationList;
			buildConfigurations = (
				46525F152B76972300610811 /* Debug */,
				46525F162B76972300610811 /* Release */,
			);
			defaultConfigurationIsVisible = 0;
			defaultConfigurationName = Release;
		};
		46525F172B76972300610811 /* Build configuration list for PBXNativeTarget "Combine views using stacksTests" */ = {
			isa = XCConfigurationList;
			buildConfigurations = (
				46525F182B76972300610811 /* Debug */,
				46525F192B76972300610811 /* Release */,
			);
			defaultConfigurationIsVisible = 0;
			defaultConfigurationName = Release;
		};
		46525F1A2B76972300610811 /* Build configuration list for PBXNativeTarget "Combine views using stacksUITests" */ = {
			isa = XCConfigurationList;
			buildConfigurations = (
				46525F1B2B76972300610811 /* Debug */,
				46525F1C2B76972300610811 /* Release */,
			);
			defaultConfigurationIsVisible = 0;
			defaultConfigurationName = Release;
		};
/* End XCConfigurationList section */
	};
	rootObject = 46525EE62B76971F00610811 /* Project object */;
}
